
Microsoft Visual Studio Solution File, Format Version 12.00
# Visual Studio Version 16
VisualStudioVersion = 16.0.33328.57
MinimumVisualStudioVersion = 10.0.40219.1
Project("{FAE04EC0-301F-11D3-BF4B-00C04F79EFBC}") = "[Project]3MiniGame", "[Project]3MiniGame\[Project]3MiniGame.csproj", "{D0DD00E5-7F0E-4844-AF8B-47B19052B44D}"
EndProject
Global
	GlobalSection(SolutionConfigurationPlatforms) = preSolution
		Debug|Any CPU = Debug|Any CPU
		Release|Any CPU = Release|Any CPU
	EndGlobalSection
	GlobalSection(ProjectConfigurationPlatforms) = postSolution
		{D0DD00E5-7F0E-4844-AF8B-47B19052B44D}.Debug|Any CPU.ActiveCfg = Debug|Any CPU
		{D0DD00E5-7F0E-4844-AF8B-47B19052B44D}.Debug|Any CPU.Build.0 = Debug|Any CPU
		{D0DD00E5-7F0E-4844-AF8B-47B19052B44D}.Release|Any CPU.ActiveCfg = Release|Any CPU
		{D0DD00E5-7F0E-4844-AF8B-47B19052B44D}.Release|Any CPU.Build.0 = Release|Any CPU
	EndGlobalSection
	GlobalSection(SolutionProperties) = preSolution
		HideSolutionNode = FALSE
	EndGlobalSection
	GlobalSection(ExtensibilityGlobals) = postSolution
		SolutionGuid = {C7DCA380-C3EA-4936-9F9F-3F2D07465574}
	EndGlobalSection
EndGlobal
