
Microsoft Visual Studio Solution File, Format Version 12.00
# Visual Studio Version 16
VisualStudioVersion = 16.0.33328.57
MinimumVisualStudioVersion = 10.0.40219.1
Project("{FAE04EC0-301F-11D3-BF4B-00C04F79EFBC}") = "20230316_homeWork_star", "20230316_homeWork_star\20230316_homeWork_star.csproj", "{3FEB3270-23E4-4E44-8970-87ACCFCEC885}"
EndProject
Global
	GlobalSection(SolutionConfigurationPlatforms) = preSolution
		Debug|Any CPU = Debug|Any CPU
		Release|Any CPU = Release|Any CPU
	EndGlobalSection
	GlobalSection(ProjectConfigurationPlatforms) = postSolution
		{3FEB3270-23E4-4E44-8970-87ACCFCEC885}.Debug|Any CPU.ActiveCfg = Debug|Any CPU
		{3FEB3270-23E4-4E44-8970-87ACCFCEC885}.Debug|Any CPU.Build.0 = Debug|Any CPU
		{3FEB3270-23E4-4E44-8970-87ACCFCEC885}.Release|Any CPU.ActiveCfg = Release|Any CPU
		{3FEB3270-23E4-4E44-8970-87ACCFCEC885}.Release|Any CPU.Build.0 = Release|Any CPU
	EndGlobalSection
	GlobalSection(SolutionProperties) = preSolution
		HideSolutionNode = FALSE
	EndGlobalSection
	GlobalSection(ExtensibilityGlobals) = postSolution
		SolutionGuid = {DD9F39BC-19A2-4EB5-BC44-7B909EC64209}
	EndGlobalSection
EndGlobal
