
Microsoft Visual Studio Solution File, Format Version 12.00
# Visual Studio Version 16
VisualStudioVersion = 16.0.33328.57
MinimumVisualStudioVersion = 10.0.40219.1
Project("{FAE04EC0-301F-11D3-BF4B-00C04F79EFBC}") = "20230224_homeWork_poker", "20230224_homeWork_poker\20230224_homeWork_poker.csproj", "{14F2FF4D-1B28-4A4A-84E5-F76B5847B040}"
EndProject
Global
	GlobalSection(SolutionConfigurationPlatforms) = preSolution
		Debug|Any CPU = Debug|Any CPU
		Release|Any CPU = Release|Any CPU
	EndGlobalSection
	GlobalSection(ProjectConfigurationPlatforms) = postSolution
		{14F2FF4D-1B28-4A4A-84E5-F76B5847B040}.Debug|Any CPU.ActiveCfg = Debug|Any CPU
		{14F2FF4D-1B28-4A4A-84E5-F76B5847B040}.Debug|Any CPU.Build.0 = Debug|Any CPU
		{14F2FF4D-1B28-4A4A-84E5-F76B5847B040}.Release|Any CPU.ActiveCfg = Release|Any CPU
		{14F2FF4D-1B28-4A4A-84E5-F76B5847B040}.Release|Any CPU.Build.0 = Release|Any CPU
	EndGlobalSection
	GlobalSection(SolutionProperties) = preSolution
		HideSolutionNode = FALSE
	EndGlobalSection
	GlobalSection(ExtensibilityGlobals) = postSolution
		SolutionGuid = {2B54598F-C159-47A4-B989-99DDA047A1F2}
	EndGlobalSection
EndGlobal
