
Microsoft Visual Studio Solution File, Format Version 12.00
# Visual Studio Version 16
VisualStudioVersion = 16.0.33328.57
MinimumVisualStudioVersion = 10.0.40219.1
Project("{FAE04EC0-301F-11D3-BF4B-00C04F79EFBC}") = "20230327_homeWork_queue", "20230327_homeWork_queue\20230327_homeWork_queue.csproj", "{1E0933C8-2DD0-4E6A-9722-2DFA84F9CF50}"
EndProject
Global
	GlobalSection(SolutionConfigurationPlatforms) = preSolution
		Debug|Any CPU = Debug|Any CPU
		Release|Any CPU = Release|Any CPU
	EndGlobalSection
	GlobalSection(ProjectConfigurationPlatforms) = postSolution
		{1E0933C8-2DD0-4E6A-9722-2DFA84F9CF50}.Debug|Any CPU.ActiveCfg = Debug|Any CPU
		{1E0933C8-2DD0-4E6A-9722-2DFA84F9CF50}.Debug|Any CPU.Build.0 = Debug|Any CPU
		{1E0933C8-2DD0-4E6A-9722-2DFA84F9CF50}.Release|Any CPU.ActiveCfg = Release|Any CPU
		{1E0933C8-2DD0-4E6A-9722-2DFA84F9CF50}.Release|Any CPU.Build.0 = Release|Any CPU
	EndGlobalSection
	GlobalSection(SolutionProperties) = preSolution
		HideSolutionNode = FALSE
	EndGlobalSection
	GlobalSection(ExtensibilityGlobals) = postSolution
		SolutionGuid = {F7AE621B-39E7-4266-88EB-B02F5A5006CF}
	EndGlobalSection
EndGlobal
