
Microsoft Visual Studio Solution File, Format Version 12.00
# Visual Studio Version 16
VisualStudioVersion = 16.0.33328.57
MinimumVisualStudioVersion = 10.0.40219.1
Project("{FAE04EC0-301F-11D3-BF4B-00C04F79EFBC}") = "20230315_homeWork_multiple", "20230315_homeWork_multiple\20230315_homeWork_multiple.csproj", "{5A1C34FF-42FF-47D5-858A-18DF3C724FE1}"
EndProject
Global
	GlobalSection(SolutionConfigurationPlatforms) = preSolution
		Debug|Any CPU = Debug|Any CPU
		Release|Any CPU = Release|Any CPU
	EndGlobalSection
	GlobalSection(ProjectConfigurationPlatforms) = postSolution
		{5A1C34FF-42FF-47D5-858A-18DF3C724FE1}.Debug|Any CPU.ActiveCfg = Debug|Any CPU
		{5A1C34FF-42FF-47D5-858A-18DF3C724FE1}.Debug|Any CPU.Build.0 = Debug|Any CPU
		{5A1C34FF-42FF-47D5-858A-18DF3C724FE1}.Release|Any CPU.ActiveCfg = Release|Any CPU
		{5A1C34FF-42FF-47D5-858A-18DF3C724FE1}.Release|Any CPU.Build.0 = Release|Any CPU
	EndGlobalSection
	GlobalSection(SolutionProperties) = preSolution
		HideSolutionNode = FALSE
	EndGlobalSection
	GlobalSection(ExtensibilityGlobals) = postSolution
		SolutionGuid = {29373BE8-31A0-471A-9D67-B233E0E43B09}
	EndGlobalSection
EndGlobal
